
Microsoft Visual Studio Solution File, Format Version 12.00
# Visual Studio Version 17
VisualStudioVersion = 17.7.34024.191
MinimumVisualStudioVersion = 10.0.40219.1
Project("{FAE04EC0-301F-11D3-BF4B-00C04F79EFBC}") = "LottoTipp", "LottoTipp\LottoTipp.csproj", "{74DDE824-056E-466F-BD38-835149D388EA}"
EndProject
Global
	GlobalSection(SolutionConfigurationPlatforms) = preSolution
		Debug|Any CPU = Debug|Any CPU
		Release|Any CPU = Release|Any CPU
	EndGlobalSection
	GlobalSection(ProjectConfigurationPlatforms) = postSolution
		{74DDE824-056E-466F-BD38-835149D388EA}.Debug|Any CPU.ActiveCfg = Debug|Any CPU
		{74DDE824-056E-466F-BD38-835149D388EA}.Debug|Any CPU.Build.0 = Debug|Any CPU
		{74DDE824-056E-466F-BD38-835149D388EA}.Release|Any CPU.ActiveCfg = Release|Any CPU
		{74DDE824-056E-466F-BD38-835149D388EA}.Release|Any CPU.Build.0 = Release|Any CPU
	EndGlobalSection
	GlobalSection(SolutionProperties) = preSolution
		HideSolutionNode = FALSE
	EndGlobalSection
	GlobalSection(ExtensibilityGlobals) = postSolution
		SolutionGuid = {FD5DF05D-BD0F-47AA-A5F8-EFEE2BB78137}
	EndGlobalSection
EndGlobal
